
Microsoft Visual Studio Solution File, Format Version 12.00
# Visual Studio Version 17
VisualStudioVersion = 17.3.32825.248
MinimumVisualStudioVersion = 10.0.40219.1
Project("{FAE04EC0-301F-11D3-BF4B-00C04F79EFBC}") = "CAB MANAGEMENT SYSTEM", "CAB MANAGEMENT SYSTEM.csproj", "{4969271D-6935-4C22-BD8D-31F75F2A5F01}"
EndProject
Global
	GlobalSection(SolutionConfigurationPlatforms) = preSolution
		Debug|Any CPU = Debug|Any CPU
		Release|Any CPU = Release|Any CPU
	EndGlobalSection
	GlobalSection(ProjectConfigurationPlatforms) = postSolution
		{4969271D-6935-4C22-BD8D-31F75F2A5F01}.Debug|Any CPU.ActiveCfg = Debug|Any CPU
		{4969271D-6935-4C22-BD8D-31F75F2A5F01}.Debug|Any CPU.Build.0 = Debug|Any CPU
		{4969271D-6935-4C22-BD8D-31F75F2A5F01}.Release|Any CPU.ActiveCfg = Release|Any CPU
		{4969271D-6935-4C22-BD8D-31F75F2A5F01}.Release|Any CPU.Build.0 = Release|Any CPU
	EndGlobalSection
	GlobalSection(SolutionProperties) = preSolution
		HideSolutionNode = FALSE
	EndGlobalSection
	GlobalSection(ExtensibilityGlobals) = postSolution
		SolutionGuid = {03044E18-5BCB-48F3-A971-9C6E8899F186}
	EndGlobalSection
EndGlobal
